
Microsoft Visual Studio Solution File, Format Version 12.00
# Visual Studio Version 17
VisualStudioVersion = 17.5.33627.172
MinimumVisualStudioVersion = 10.0.40219.1
Project("{FAE04EC0-301F-11D3-BF4B-00C04F79EFBC}") = "ConsoleApp12", "ConsoleApp12\ConsoleApp12.csproj", "{600C3DD7-FB52-45F6-83C0-C58CE260DFD8}"
EndProject
Global
	GlobalSection(SolutionConfigurationPlatforms) = preSolution
		Debug|Any CPU = Debug|Any CPU
		Release|Any CPU = Release|Any CPU
	EndGlobalSection
	GlobalSection(ProjectConfigurationPlatforms) = postSolution
		{600C3DD7-FB52-45F6-83C0-C58CE260DFD8}.Debug|Any CPU.ActiveCfg = Debug|Any CPU
		{600C3DD7-FB52-45F6-83C0-C58CE260DFD8}.Debug|Any CPU.Build.0 = Debug|Any CPU
		{600C3DD7-FB52-45F6-83C0-C58CE260DFD8}.Release|Any CPU.ActiveCfg = Release|Any CPU
		{600C3DD7-FB52-45F6-83C0-C58CE260DFD8}.Release|Any CPU.Build.0 = Release|Any CPU
	EndGlobalSection
	GlobalSection(SolutionProperties) = preSolution
		HideSolutionNode = FALSE
	EndGlobalSection
	GlobalSection(ExtensibilityGlobals) = postSolution
		SolutionGuid = {DEC4B872-C1E5-44CF-BB8D-6C80667D87A9}
	EndGlobalSection
EndGlobal
